
Microsoft Visual Studio Solution File, Format Version 12.00
# Visual Studio 15
VisualStudioVersion = 15.0.26430.15
MinimumVisualStudioVersion = 10.0.40219.1
Project("{FAE04EC0-301F-11D3-BF4B-00C04F79EFBC}") = "TestSuite.IncreaseVersion", "TestSuite.IncreaseVersion\TestSuite.IncreaseVersion.csproj", "{CF83695E-580A-4948-A9A7-8DE18901FE8A}"
EndProject
Project("{FAE04EC0-301F-11D3-BF4B-00C04F79EFBC}") = "TestSuite.IncreaseVersion.Test", "TestSuite.IncreaseVersion.Test\TestSuite.IncreaseVersion.Test.csproj", "{9C3C7866-5EA2-4C38-801B-E56F20659372}"
EndProject
Project("{FAE04EC0-301F-11D3-BF4B-00C04F79EFBC}") = "TestSuite.IncreaseVersion.Console", "TestSuite.IncreaseVersion.Console\TestSuite.IncreaseVersion.Console.csproj", "{47BCED2E-8014-4CD9-B90E-30B5195BA265}"
EndProject
Project("{FAE04EC0-301F-11D3-BF4B-00C04F79EFBC}") = "TestSuite.IncreaseVersion.VisualStudioExtension", "TestSuite.IncreaseVersion.VisualStudioExtension\TestSuite.IncreaseVersion.VisualStudioExtension.csproj", "{F11A336A-A895-40CA-B730-1A46203A04CF}"
EndProject
Global
	GlobalSection(SolutionConfigurationPlatforms) = preSolution
		Debug|Any CPU = Debug|Any CPU
		Release|Any CPU = Release|Any CPU
	EndGlobalSection
	GlobalSection(ProjectConfigurationPlatforms) = postSolution
		{CF83695E-580A-4948-A9A7-8DE18901FE8A}.Debug|Any CPU.ActiveCfg = Debug|Any CPU
		{CF83695E-580A-4948-A9A7-8DE18901FE8A}.Debug|Any CPU.Build.0 = Debug|Any CPU
		{CF83695E-580A-4948-A9A7-8DE18901FE8A}.Release|Any CPU.ActiveCfg = Release|Any CPU
		{CF83695E-580A-4948-A9A7-8DE18901FE8A}.Release|Any CPU.Build.0 = Release|Any CPU
		{9C3C7866-5EA2-4C38-801B-E56F20659372}.Debug|Any CPU.ActiveCfg = Debug|Any CPU
		{9C3C7866-5EA2-4C38-801B-E56F20659372}.Debug|Any CPU.Build.0 = Debug|Any CPU
		{9C3C7866-5EA2-4C38-801B-E56F20659372}.Release|Any CPU.ActiveCfg = Release|Any CPU
		{9C3C7866-5EA2-4C38-801B-E56F20659372}.Release|Any CPU.Build.0 = Release|Any CPU
		{47BCED2E-8014-4CD9-B90E-30B5195BA265}.Debug|Any CPU.ActiveCfg = Debug|Any CPU
		{47BCED2E-8014-4CD9-B90E-30B5195BA265}.Debug|Any CPU.Build.0 = Debug|Any CPU
		{47BCED2E-8014-4CD9-B90E-30B5195BA265}.Release|Any CPU.ActiveCfg = Release|Any CPU
		{47BCED2E-8014-4CD9-B90E-30B5195BA265}.Release|Any CPU.Build.0 = Release|Any CPU
		{F11A336A-A895-40CA-B730-1A46203A04CF}.Debug|Any CPU.ActiveCfg = Debug|Any CPU
		{F11A336A-A895-40CA-B730-1A46203A04CF}.Debug|Any CPU.Build.0 = Debug|Any CPU
		{F11A336A-A895-40CA-B730-1A46203A04CF}.Release|Any CPU.ActiveCfg = Release|Any CPU
		{F11A336A-A895-40CA-B730-1A46203A04CF}.Release|Any CPU.Build.0 = Release|Any CPU
	EndGlobalSection
	GlobalSection(SolutionProperties) = preSolution
		HideSolutionNode = FALSE
	EndGlobalSection
EndGlobal
